
Microsoft Visual Studio Solution File, Format Version 12.00
# Visual Studio Version 17
VisualStudioVersion = 17.0.31919.166
MinimumVisualStudioVersion = 10.0.40219.1
Project("{FAE04EC0-301F-11D3-BF4B-00C04F79EFBC}") = "TestApi.Domain", "TestApi.Domain\TestApi.Domain.csproj", "{918A6EF4-D922-4C72-B79E-6949860ABE14}"
EndProject
Project("{FAE04EC0-301F-11D3-BF4B-00C04F79EFBC}") = "TestApi.Application", "TestApi.Application\TestApi.Application.csproj", "{90F8ECEF-FD43-4B28-8AAC-9B644EA1857C}"
EndProject
Project("{FAE04EC0-301F-11D3-BF4B-00C04F79EFBC}") = "TestApi.Query", "TestApi.Query\TestApi.Query.csproj", "{5C182FD2-CCB5-4C65-97BC-F8C44194036B}"
EndProject
Project("{FAE04EC0-301F-11D3-BF4B-00C04F79EFBC}") = "TestApi.Infrastructure", "TestApi.Infrastructure\TestApi.Infrastructure.csproj", "{20C9C5A9-75B5-4140-BD9B-A03EC8A1D6D4}"
EndProject
Project("{2150E333-8FDC-42A3-9474-1A3956D46DE8}") = "src", "src", "{6552548B-6176-4D44-A51E-76F3BB7B0D19}"
EndProject
Project("{2150E333-8FDC-42A3-9474-1A3956D46DE8}") = "EndPoints", "EndPoints", "{BDDB3608-7F73-4586-A77D-61A43A7B4982}"
EndProject
Project("{FAE04EC0-301F-11D3-BF4B-00C04F79EFBC}") = "TestApi.Api", "TestApi.Api\TestApi.Api.csproj", "{D95A6C1F-85A0-46CC-BBDA-377A13B34AE1}"
EndProject
Project("{2150E333-8FDC-42A3-9474-1A3956D46DE8}") = "Common", "Common", "{0947F39D-C5A4-4BFA-9FDE-3EC55132EAA3}"
EndProject
Project("{FAE04EC0-301F-11D3-BF4B-00C04F79EFBC}") = "TestApi.Common.Domain", "TestApi.Common.Domain\TestApi.Common.Domain.csproj", "{326E654D-683B-4A9B-A67D-C63BCEE27E0E}"
EndProject
Project("{FAE04EC0-301F-11D3-BF4B-00C04F79EFBC}") = "TestApi.Config", "TestApi.Config\TestApi.Config.csproj", "{A3E7F5BD-782C-4053-919D-F7F1EF710B5E}"
EndProject
Project("{FAE04EC0-301F-11D3-BF4B-00C04F79EFBC}") = "TestApi.Presentation.Facade", "TestApi.Presentation.Facade\TestApi.Presentation.Facade.csproj", "{D5FF97E9-2DDD-4A98-A930-9A72E1B53496}"
EndProject
Project("{FAE04EC0-301F-11D3-BF4B-00C04F79EFBC}") = "TestApi.Common.Query", "TestApi.Common.Query\TestApi.Common.Query.csproj", "{CF61444A-A45F-47FD-8588-BE5B42E6DDB4}"
EndProject
Project("{FAE04EC0-301F-11D3-BF4B-00C04F79EFBC}") = "TestApi.Common.Application", "TestApi.Common.Application\TestApi.Common.Application.csproj", "{1A3C7020-10A8-43A5-AB05-8117E694DA5F}"
EndProject
Project("{2150E333-8FDC-42A3-9474-1A3956D46DE8}") = "test", "test", "{549EAF43-B6A1-4FBE-97CE-FE7155346E6E}"
EndProject
Project("{FAE04EC0-301F-11D3-BF4B-00C04F79EFBC}") = "TestApi.Domain.TestUnit", "TestApi.Domain.TestUnit\TestApi.Domain.TestUnit.csproj", "{CFA0D0A3-E7A8-479E-85D2-A7353B49389C}"
EndProject
Global
	GlobalSection(SolutionConfigurationPlatforms) = preSolution
		Debug|Any CPU = Debug|Any CPU
		Release|Any CPU = Release|Any CPU
	EndGlobalSection
	GlobalSection(ProjectConfigurationPlatforms) = postSolution
		{918A6EF4-D922-4C72-B79E-6949860ABE14}.Debug|Any CPU.ActiveCfg = Debug|Any CPU
		{918A6EF4-D922-4C72-B79E-6949860ABE14}.Debug|Any CPU.Build.0 = Debug|Any CPU
		{918A6EF4-D922-4C72-B79E-6949860ABE14}.Release|Any CPU.ActiveCfg = Release|Any CPU
		{918A6EF4-D922-4C72-B79E-6949860ABE14}.Release|Any CPU.Build.0 = Release|Any CPU
		{90F8ECEF-FD43-4B28-8AAC-9B644EA1857C}.Debug|Any CPU.ActiveCfg = Debug|Any CPU
		{90F8ECEF-FD43-4B28-8AAC-9B644EA1857C}.Debug|Any CPU.Build.0 = Debug|Any CPU
		{90F8ECEF-FD43-4B28-8AAC-9B644EA1857C}.Release|Any CPU.ActiveCfg = Release|Any CPU
		{90F8ECEF-FD43-4B28-8AAC-9B644EA1857C}.Release|Any CPU.Build.0 = Release|Any CPU
		{5C182FD2-CCB5-4C65-97BC-F8C44194036B}.Debug|Any CPU.ActiveCfg = Debug|Any CPU
		{5C182FD2-CCB5-4C65-97BC-F8C44194036B}.Debug|Any CPU.Build.0 = Debug|Any CPU
		{5C182FD2-CCB5-4C65-97BC-F8C44194036B}.Release|Any CPU.ActiveCfg = Release|Any CPU
		{5C182FD2-CCB5-4C65-97BC-F8C44194036B}.Release|Any CPU.Build.0 = Release|Any CPU
		{20C9C5A9-75B5-4140-BD9B-A03EC8A1D6D4}.Debug|Any CPU.ActiveCfg = Debug|Any CPU
		{20C9C5A9-75B5-4140-BD9B-A03EC8A1D6D4}.Debug|Any CPU.Build.0 = Debug|Any CPU
		{20C9C5A9-75B5-4140-BD9B-A03EC8A1D6D4}.Release|Any CPU.ActiveCfg = Release|Any CPU
		{20C9C5A9-75B5-4140-BD9B-A03EC8A1D6D4}.Release|Any CPU.Build.0 = Release|Any CPU
		{D95A6C1F-85A0-46CC-BBDA-377A13B34AE1}.Debug|Any CPU.ActiveCfg = Debug|Any CPU
		{D95A6C1F-85A0-46CC-BBDA-377A13B34AE1}.Debug|Any CPU.Build.0 = Debug|Any CPU
		{D95A6C1F-85A0-46CC-BBDA-377A13B34AE1}.Release|Any CPU.ActiveCfg = Release|Any CPU
		{D95A6C1F-85A0-46CC-BBDA-377A13B34AE1}.Release|Any CPU.Build.0 = Release|Any CPU
		{326E654D-683B-4A9B-A67D-C63BCEE27E0E}.Debug|Any CPU.ActiveCfg = Debug|Any CPU
		{326E654D-683B-4A9B-A67D-C63BCEE27E0E}.Debug|Any CPU.Build.0 = Debug|Any CPU
		{326E654D-683B-4A9B-A67D-C63BCEE27E0E}.Release|Any CPU.ActiveCfg = Release|Any CPU
		{326E654D-683B-4A9B-A67D-C63BCEE27E0E}.Release|Any CPU.Build.0 = Release|Any CPU
		{A3E7F5BD-782C-4053-919D-F7F1EF710B5E}.Debug|Any CPU.ActiveCfg = Debug|Any CPU
		{A3E7F5BD-782C-4053-919D-F7F1EF710B5E}.Debug|Any CPU.Build.0 = Debug|Any CPU
		{A3E7F5BD-782C-4053-919D-F7F1EF710B5E}.Release|Any CPU.ActiveCfg = Release|Any CPU
		{A3E7F5BD-782C-4053-919D-F7F1EF710B5E}.Release|Any CPU.Build.0 = Release|Any CPU
		{D5FF97E9-2DDD-4A98-A930-9A72E1B53496}.Debug|Any CPU.ActiveCfg = Debug|Any CPU
		{D5FF97E9-2DDD-4A98-A930-9A72E1B53496}.Debug|Any CPU.Build.0 = Debug|Any CPU
		{D5FF97E9-2DDD-4A98-A930-9A72E1B53496}.Release|Any CPU.ActiveCfg = Release|Any CPU
		{D5FF97E9-2DDD-4A98-A930-9A72E1B53496}.Release|Any CPU.Build.0 = Release|Any CPU
		{CF61444A-A45F-47FD-8588-BE5B42E6DDB4}.Debug|Any CPU.ActiveCfg = Debug|Any CPU
		{CF61444A-A45F-47FD-8588-BE5B42E6DDB4}.Debug|Any CPU.Build.0 = Debug|Any CPU
		{CF61444A-A45F-47FD-8588-BE5B42E6DDB4}.Release|Any CPU.ActiveCfg = Release|Any CPU
		{CF61444A-A45F-47FD-8588-BE5B42E6DDB4}.Release|Any CPU.Build.0 = Release|Any CPU
		{1A3C7020-10A8-43A5-AB05-8117E694DA5F}.Debug|Any CPU.ActiveCfg = Debug|Any CPU
		{1A3C7020-10A8-43A5-AB05-8117E694DA5F}.Debug|Any CPU.Build.0 = Debug|Any CPU
		{1A3C7020-10A8-43A5-AB05-8117E694DA5F}.Release|Any CPU.ActiveCfg = Release|Any CPU
		{1A3C7020-10A8-43A5-AB05-8117E694DA5F}.Release|Any CPU.Build.0 = Release|Any CPU
		{CFA0D0A3-E7A8-479E-85D2-A7353B49389C}.Debug|Any CPU.ActiveCfg = Debug|Any CPU
		{CFA0D0A3-E7A8-479E-85D2-A7353B49389C}.Debug|Any CPU.Build.0 = Debug|Any CPU
		{CFA0D0A3-E7A8-479E-85D2-A7353B49389C}.Release|Any CPU.ActiveCfg = Release|Any CPU
		{CFA0D0A3-E7A8-479E-85D2-A7353B49389C}.Release|Any CPU.Build.0 = Release|Any CPU
	EndGlobalSection
	GlobalSection(SolutionProperties) = preSolution
		HideSolutionNode = FALSE
	EndGlobalSection
	GlobalSection(NestedProjects) = preSolution
		{918A6EF4-D922-4C72-B79E-6949860ABE14} = {6552548B-6176-4D44-A51E-76F3BB7B0D19}
		{90F8ECEF-FD43-4B28-8AAC-9B644EA1857C} = {6552548B-6176-4D44-A51E-76F3BB7B0D19}
		{5C182FD2-CCB5-4C65-97BC-F8C44194036B} = {6552548B-6176-4D44-A51E-76F3BB7B0D19}
		{20C9C5A9-75B5-4140-BD9B-A03EC8A1D6D4} = {6552548B-6176-4D44-A51E-76F3BB7B0D19}
		{BDDB3608-7F73-4586-A77D-61A43A7B4982} = {6552548B-6176-4D44-A51E-76F3BB7B0D19}
		{D95A6C1F-85A0-46CC-BBDA-377A13B34AE1} = {BDDB3608-7F73-4586-A77D-61A43A7B4982}
		{0947F39D-C5A4-4BFA-9FDE-3EC55132EAA3} = {6552548B-6176-4D44-A51E-76F3BB7B0D19}
		{326E654D-683B-4A9B-A67D-C63BCEE27E0E} = {0947F39D-C5A4-4BFA-9FDE-3EC55132EAA3}
		{A3E7F5BD-782C-4053-919D-F7F1EF710B5E} = {6552548B-6176-4D44-A51E-76F3BB7B0D19}
		{D5FF97E9-2DDD-4A98-A930-9A72E1B53496} = {BDDB3608-7F73-4586-A77D-61A43A7B4982}
		{CF61444A-A45F-47FD-8588-BE5B42E6DDB4} = {0947F39D-C5A4-4BFA-9FDE-3EC55132EAA3}
		{1A3C7020-10A8-43A5-AB05-8117E694DA5F} = {0947F39D-C5A4-4BFA-9FDE-3EC55132EAA3}
		{CFA0D0A3-E7A8-479E-85D2-A7353B49389C} = {549EAF43-B6A1-4FBE-97CE-FE7155346E6E}
	EndGlobalSection
	GlobalSection(ExtensibilityGlobals) = postSolution
		SolutionGuid = {36078292-B981-4CB1-813C-6270A55FC573}
	EndGlobalSection
EndGlobal
